
Microsoft Visual Studio Solution File, Format Version 12.00
# Visual Studio Version 17
VisualStudioVersion = 17.11.35312.102
MinimumVisualStudioVersion = 10.0.40219.1
Project("{FAE04EC0-301F-11D3-BF4B-00C04F79EFBC}") = "AdventOfCode2023Blazor", "AdventOfCode2023Blazor.csproj", "{953C2506-1DA7-434D-8CFC-71A170BC49B9}"
EndProject
Global
	GlobalSection(SolutionConfigurationPlatforms) = preSolution
		Debug|Any CPU = Debug|Any CPU
		Release|Any CPU = Release|Any CPU
	EndGlobalSection
	GlobalSection(ProjectConfigurationPlatforms) = postSolution
		{953C2506-1DA7-434D-8CFC-71A170BC49B9}.Debug|Any CPU.ActiveCfg = Debug|Any CPU
		{953C2506-1DA7-434D-8CFC-71A170BC49B9}.Debug|Any CPU.Build.0 = Debug|Any CPU
		{953C2506-1DA7-434D-8CFC-71A170BC49B9}.Release|Any CPU.ActiveCfg = Release|Any CPU
		{953C2506-1DA7-434D-8CFC-71A170BC49B9}.Release|Any CPU.Build.0 = Release|Any CPU
	EndGlobalSection
	GlobalSection(SolutionProperties) = preSolution
		HideSolutionNode = FALSE
	EndGlobalSection
	GlobalSection(ExtensibilityGlobals) = postSolution
		SolutionGuid = {1BF10C99-8DE4-465F-A53C-8D01F229BB59}
	EndGlobalSection
EndGlobal
